
Microsoft Visual Studio Solution File, Format Version 12.00
# Visual Studio 2017
Project("{FAE04EC0-301F-11D3-BF4B-00C04F79EFBC}") = "Pract", "Pract.csproj", "{68DEB2F5-5A41-4091-9339-6F5C746D6421}"
EndProject
Project("{FAE04EC0-301F-11D3-BF4B-00C04F79EFBC}") = "Pract.Editor", "Pract.Editor.csproj", "{91600653-B223-ED67-01D4-11F6CC9D4CAF}"
EndProject
Global
	GlobalSection(SolutionConfigurationPlatforms) = preSolution
		Debug|Any CPU = Debug|Any CPU
		Release|Any CPU = Release|Any CPU
	EndGlobalSection
	GlobalSection(ProjectConfigurationPlatforms) = postSolution
		{68DEB2F5-5A41-4091-9339-6F5C746D6421}.Debug|Any CPU.ActiveCfg = Debug|Any CPU
		{68DEB2F5-5A41-4091-9339-6F5C746D6421}.Debug|Any CPU.Build.0 = Debug|Any CPU
		{68DEB2F5-5A41-4091-9339-6F5C746D6421}.Release|Any CPU.ActiveCfg = Release|Any CPU
		{68DEB2F5-5A41-4091-9339-6F5C746D6421}.Release|Any CPU.Build.0 = Release|Any CPU
		{91600653-B223-ED67-01D4-11F6CC9D4CAF}.Debug|Any CPU.ActiveCfg = Debug|Any CPU
		{91600653-B223-ED67-01D4-11F6CC9D4CAF}.Debug|Any CPU.Build.0 = Debug|Any CPU
		{91600653-B223-ED67-01D4-11F6CC9D4CAF}.Release|Any CPU.ActiveCfg = Release|Any CPU
		{91600653-B223-ED67-01D4-11F6CC9D4CAF}.Release|Any CPU.Build.0 = Release|Any CPU
	EndGlobalSection
	GlobalSection(SolutionProperties) = preSolution
		HideSolutionNode = FALSE
	EndGlobalSection
EndGlobal
